// !$*UTF8*$!
{
	archiveVersion = 1;
	classes = {
	};
	objectVersion = 46;
	objects = {

/* Begin PBXBuildFile section */
		44353E2F1CEEA42B007A502F /* AppDelegate.swift in Sources */ = {isa = PBXBuildFile; fileRef = 44353E2E1CEEA42B007A502F /* AppDelegate.swift */; };
		44353E311CEEA42B007A502F /* TemplateViewController.swift in Sources */ = {isa = PBXBuildFile; fileRef = 44353E301CEEA42B007A502F /* TemplateViewController.swift */; };
		44353E341CEEA42B007A502F /* Main.storyboard in Resources */ = {isa = PBXBuildFile; fileRef = 44353E321CEEA42B007A502F /* Main.storyboard */; };
		44353E361CEEA42B007A502F /* Assets.xcassets in Resources */ = {isa = PBXBuildFile; fileRef = 44353E351CEEA42B007A502F /* Assets.xcassets */; };
		44353E391CEEA42B007A502F /* LaunchScreen.storyboard in Resources */ = {isa = PBXBuildFile; fileRef = 44353E371CEEA42B007A502F /* LaunchScreen.storyboard */; };
		44353E441CEEA42B007A502F /* TrailerMakerTests.swift in Sources */ = {isa = PBXBuildFile; fileRef = 44353E431CEEA42B007A502F /* TrailerMakerTests.swift */; };
		44353E4F1CEEA42B007A502F /* TrailerMakerUITests.swift in Sources */ = {isa = PBXBuildFile; fileRef = 44353E4E1CEEA42B007A502F /* TrailerMakerUITests.swift */; };
		6B2B3DCD1CEEC3AD004636D8 /* TemplateCollectionViewCell.swift in Sources */ = {isa = PBXBuildFile; fileRef = 6B2B3DCB1CEEC3AD004636D8 /* TemplateCollectionViewCell.swift */; };
		6B2B3DCE1CEEC3AD004636D8 /* TemplateCollectionViewCell.xib in Resources */ = {isa = PBXBuildFile; fileRef = 6B2B3DCC1CEEC3AD004636D8 /* TemplateCollectionViewCell.xib */; };
		4464068A1CEEC2CF00B3C605 /* EditorViewController.swift in Sources */ = {isa = PBXBuildFile; fileRef = 446406891CEEC2CF00B3C605 /* EditorViewController.swift */; };
		7B7917787D79B28491DA72FC /* Pods_TrailerMakerUITests.framework in Frameworks */ = {isa = PBXBuildFile; fileRef = BFFF96A4F496EFE2E9EB05C7 /* Pods_TrailerMakerUITests.framework */; };
		AEDB83636A1EF3C566C2DE0F /* Pods_TrailerMakerTests.framework in Frameworks */ = {isa = PBXBuildFile; fileRef = A3006AA9C9E03B6C6D7113CE /* Pods_TrailerMakerTests.framework */; };
		DA244828C40598028FAA0C8B /* Pods_TrailerMaker.framework in Frameworks */ = {isa = PBXBuildFile; fileRef = 2202648EBEF3274ACB3B0A02 /* Pods_TrailerMaker.framework */; };
/* End PBXBuildFile section */

/* Begin PBXContainerItemProxy section */
		44353E401CEEA42B007A502F /* PBXContainerItemProxy */ = {
			isa = PBXContainerItemProxy;
			containerPortal = 44353E231CEEA42A007A502F /* Project object */;
			proxyType = 1;
			remoteGlobalIDString = 44353E2A1CEEA42A007A502F;
			remoteInfo = TrailerMaker;
		};
		44353E4B1CEEA42B007A502F /* PBXContainerItemProxy */ = {
			isa = PBXContainerItemProxy;
			containerPortal = 44353E231CEEA42A007A502F /* Project object */;
			proxyType = 1;
			remoteGlobalIDString = 44353E2A1CEEA42A007A502F;
			remoteInfo = TrailerMaker;
		};
/* End PBXContainerItemProxy section */

/* Begin PBXFileReference section */
		03D95906280449F7CDFDBCE2 /* Pods-TrailerMakerTests.release.xcconfig */ = {isa = PBXFileReference; includeInIndex = 1; lastKnownFileType = text.xcconfig; name = "Pods-TrailerMakerTests.release.xcconfig"; path = "Pods/Target Support Files/Pods-TrailerMakerTests/Pods-TrailerMakerTests.release.xcconfig"; sourceTree = "<group>"; };
		141AB6C698C7ECF8FD27D35D /* Pods-TrailerMakerUITests.release.xcconfig */ = {isa = PBXFileReference; includeInIndex = 1; lastKnownFileType = text.xcconfig; name = "Pods-TrailerMakerUITests.release.xcconfig"; path = "Pods/Target Support Files/Pods-TrailerMakerUITests/Pods-TrailerMakerUITests.release.xcconfig"; sourceTree = "<group>"; };
		16E3F2DDF8FA501C447F3F68 /* Pods-TrailerMaker.release.xcconfig */ = {isa = PBXFileReference; includeInIndex = 1; lastKnownFileType = text.xcconfig; name = "Pods-TrailerMaker.release.xcconfig"; path = "Pods/Target Support Files/Pods-TrailerMaker/Pods-TrailerMaker.release.xcconfig"; sourceTree = "<group>"; };
		2202648EBEF3274ACB3B0A02 /* Pods_TrailerMaker.framework */ = {isa = PBXFileReference; explicitFileType = wrapper.framework; includeInIndex = 0; path = Pods_TrailerMaker.framework; sourceTree = BUILT_PRODUCTS_DIR; };
		44353E2B1CEEA42B007A502F /* TrailerMaker.app */ = {isa = PBXFileReference; explicitFileType = wrapper.application; includeInIndex = 0; path = TrailerMaker.app; sourceTree = BUILT_PRODUCTS_DIR; };
		44353E2E1CEEA42B007A502F /* AppDelegate.swift */ = {isa = PBXFileReference; lastKnownFileType = sourcecode.swift; path = AppDelegate.swift; sourceTree = "<group>"; };
		44353E301CEEA42B007A502F /* TemplateViewController.swift */ = {isa = PBXFileReference; lastKnownFileType = sourcecode.swift; path = TemplateViewController.swift; sourceTree = "<group>"; };
		44353E331CEEA42B007A502F /* Base */ = {isa = PBXFileReference; lastKnownFileType = file.storyboard; name = Base; path = Base.lproj/Main.storyboard; sourceTree = "<group>"; };
		44353E351CEEA42B007A502F /* Assets.xcassets */ = {isa = PBXFileReference; lastKnownFileType = folder.assetcatalog; path = Assets.xcassets; sourceTree = "<group>"; };
		44353E381CEEA42B007A502F /* Base */ = {isa = PBXFileReference; lastKnownFileType = file.storyboard; name = Base; path = Base.lproj/LaunchScreen.storyboard; sourceTree = "<group>"; };
		44353E3A1CEEA42B007A502F /* Info.plist */ = {isa = PBXFileReference; lastKnownFileType = text.plist.xml; path = Info.plist; sourceTree = "<group>"; };
		44353E3F1CEEA42B007A502F /* TrailerMakerTests.xctest */ = {isa = PBXFileReference; explicitFileType = wrapper.cfbundle; includeInIndex = 0; path = TrailerMakerTests.xctest; sourceTree = BUILT_PRODUCTS_DIR; };
		44353E431CEEA42B007A502F /* TrailerMakerTests.swift */ = {isa = PBXFileReference; lastKnownFileType = sourcecode.swift; path = TrailerMakerTests.swift; sourceTree = "<group>"; };
		44353E451CEEA42B007A502F /* Info.plist */ = {isa = PBXFileReference; lastKnownFileType = text.plist.xml; path = Info.plist; sourceTree = "<group>"; };
		44353E4A1CEEA42B007A502F /* TrailerMakerUITests.xctest */ = {isa = PBXFileReference; explicitFileType = wrapper.cfbundle; includeInIndex = 0; path = TrailerMakerUITests.xctest; sourceTree = BUILT_PRODUCTS_DIR; };
		44353E4E1CEEA42B007A502F /* TrailerMakerUITests.swift */ = {isa = PBXFileReference; lastKnownFileType = sourcecode.swift; path = TrailerMakerUITests.swift; sourceTree = "<group>"; };
		44353E501CEEA42B007A502F /* Info.plist */ = {isa = PBXFileReference; lastKnownFileType = text.plist.xml; path = Info.plist; sourceTree = "<group>"; };
		6B2B3DCB1CEEC3AD004636D8 /* TemplateCollectionViewCell.swift */ = {isa = PBXFileReference; fileEncoding = 4; lastKnownFileType = sourcecode.swift; path = TemplateCollectionViewCell.swift; sourceTree = "<group>"; };
		6B2B3DCC1CEEC3AD004636D8 /* TemplateCollectionViewCell.xib */ = {isa = PBXFileReference; fileEncoding = 4; lastKnownFileType = file.xib; path = TemplateCollectionViewCell.xib; sourceTree = "<group>"; };
		446406891CEEC2CF00B3C605 /* EditorViewController.swift */ = {isa = PBXFileReference; fileEncoding = 4; lastKnownFileType = sourcecode.swift; path = EditorViewController.swift; sourceTree = "<group>"; };
		6D2EEC581CA137B29BB9D0CB /* Pods-TrailerMakerUITests.debug.xcconfig */ = {isa = PBXFileReference; includeInIndex = 1; lastKnownFileType = text.xcconfig; name = "Pods-TrailerMakerUITests.debug.xcconfig"; path = "Pods/Target Support Files/Pods-TrailerMakerUITests/Pods-TrailerMakerUITests.debug.xcconfig"; sourceTree = "<group>"; };
		972259BBEA665360A61E4E45 /* Pods-TrailerMaker.debug.xcconfig */ = {isa = PBXFileReference; includeInIndex = 1; lastKnownFileType = text.xcconfig; name = "Pods-TrailerMaker.debug.xcconfig"; path = "Pods/Target Support Files/Pods-TrailerMaker/Pods-TrailerMaker.debug.xcconfig"; sourceTree = "<group>"; };
		A3006AA9C9E03B6C6D7113CE /* Pods_TrailerMakerTests.framework */ = {isa = PBXFileReference; explicitFileType = wrapper.framework; includeInIndex = 0; path = Pods_TrailerMakerTests.framework; sourceTree = BUILT_PRODUCTS_DIR; };
		BE0F90BE9CF920CE9A32145A /* Pods-TrailerMakerTests.debug.xcconfig */ = {isa = PBXFileReference; includeInIndex = 1; lastKnownFileType = text.xcconfig; name = "Pods-TrailerMakerTests.debug.xcconfig"; path = "Pods/Target Support Files/Pods-TrailerMakerTests/Pods-TrailerMakerTests.debug.xcconfig"; sourceTree = "<group>"; };
		BFFF96A4F496EFE2E9EB05C7 /* Pods_TrailerMakerUITests.framework */ = {isa = PBXFileReference; explicitFileType = wrapper.framework; includeInIndex = 0; path = Pods_TrailerMakerUITests.framework; sourceTree = BUILT_PRODUCTS_DIR; };
/* End PBXFileReference section */

/* Begin PBXFrameworksBuildPhase section */
		44353E281CEEA42A007A502F /* Frameworks */ = {
			isa = PBXFrameworksBuildPhase;
			buildActionMask = 2147483647;
			files = (
				DA244828C40598028FAA0C8B /* Pods_TrailerMaker.framework in Frameworks */,
			);
			runOnlyForDeploymentPostprocessing = 0;
		};
		44353E3C1CEEA42B007A502F /* Frameworks */ = {
			isa = PBXFrameworksBuildPhase;
			buildActionMask = 2147483647;
			files = (
				AEDB83636A1EF3C566C2DE0F /* Pods_TrailerMakerTests.framework in Frameworks */,
			);
			runOnlyForDeploymentPostprocessing = 0;
		};
		44353E471CEEA42B007A502F /* Frameworks */ = {
			isa = PBXFrameworksBuildPhase;
			buildActionMask = 2147483647;
			files = (
				7B7917787D79B28491DA72FC /* Pods_TrailerMakerUITests.framework in Frameworks */,
			);
			runOnlyForDeploymentPostprocessing = 0;
		};
/* End PBXFrameworksBuildPhase section */

/* Begin PBXGroup section */
		44353E221CEEA42A007A502F = {
			isa = PBXGroup;
			children = (
				44353E2D1CEEA42B007A502F /* TrailerMaker */,
				44353E421CEEA42B007A502F /* TrailerMakerTests */,
				44353E4D1CEEA42B007A502F /* TrailerMakerUITests */,
				44353E2C1CEEA42B007A502F /* Products */,
				92C58FBFB45CFC436AE987B7 /* Pods */,
				9DDCB581185CF3B77C522226 /* Frameworks */,
			);
			sourceTree = "<group>";
		};
		44353E2C1CEEA42B007A502F /* Products */ = {
			isa = PBXGroup;
			children = (
				44353E2B1CEEA42B007A502F /* TrailerMaker.app */,
				44353E3F1CEEA42B007A502F /* TrailerMakerTests.xctest */,
				44353E4A1CEEA42B007A502F /* TrailerMakerUITests.xctest */,
			);
			name = Products;
			sourceTree = "<group>";
		};
		44353E2D1CEEA42B007A502F /* TrailerMaker */ = {
			isa = PBXGroup;
			children = (
				44353E2E1CEEA42B007A502F /* AppDelegate.swift */,
				44353E301CEEA42B007A502F /* TemplateViewController.swift */,
				6B2B3DCB1CEEC3AD004636D8 /* TemplateCollectionViewCell.swift */,
				6B2B3DCC1CEEC3AD004636D8 /* TemplateCollectionViewCell.xib */,
				446406891CEEC2CF00B3C605 /* EditorViewController.swift */,
				44353E321CEEA42B007A502F /* Main.storyboard */,
				44353E351CEEA42B007A502F /* Assets.xcassets */,
				44353E371CEEA42B007A502F /* LaunchScreen.storyboard */,
				44353E3A1CEEA42B007A502F /* Info.plist */,
			);
			path = TrailerMaker;
			sourceTree = "<group>";
		};
		44353E421CEEA42B007A502F /* TrailerMakerTests */ = {
			isa = PBXGroup;
			children = (
				44353E431CEEA42B007A502F /* TrailerMakerTests.swift */,
				44353E451CEEA42B007A502F /* Info.plist */,
			);
			path = TrailerMakerTests;
			sourceTree = "<group>";
		};
		44353E4D1CEEA42B007A502F /* TrailerMakerUITests */ = {
			isa = PBXGroup;
			children = (
				44353E4E1CEEA42B007A502F /* TrailerMakerUITests.swift */,
				44353E501CEEA42B007A502F /* Info.plist */,
			);
			path = TrailerMakerUITests;
			sourceTree = "<group>";
		};
		92C58FBFB45CFC436AE987B7 /* Pods */ = {
			isa = PBXGroup;
			children = (
				972259BBEA665360A61E4E45 /* Pods-TrailerMaker.debug.xcconfig */,
				16E3F2DDF8FA501C447F3F68 /* Pods-TrailerMaker.release.xcconfig */,
				BE0F90BE9CF920CE9A32145A /* Pods-TrailerMakerTests.debug.xcconfig */,
				03D95906280449F7CDFDBCE2 /* Pods-TrailerMakerTests.release.xcconfig */,
				6D2EEC581CA137B29BB9D0CB /* Pods-TrailerMakerUITests.debug.xcconfig */,
				141AB6C698C7ECF8FD27D35D /* Pods-TrailerMakerUITests.release.xcconfig */,
			);
			name = Pods;
			sourceTree = "<group>";
		};
		9DDCB581185CF3B77C522226 /* Frameworks */ = {
			isa = PBXGroup;
			children = (
				2202648EBEF3274ACB3B0A02 /* Pods_TrailerMaker.framework */,
				A3006AA9C9E03B6C6D7113CE /* Pods_TrailerMakerTests.framework */,
				BFFF96A4F496EFE2E9EB05C7 /* Pods_TrailerMakerUITests.framework */,
			);
			name = Frameworks;
			sourceTree = "<group>";
		};
/* End PBXGroup section */

/* Begin PBXNativeTarget section */
		44353E2A1CEEA42A007A502F /* TrailerMaker */ = {
			isa = PBXNativeTarget;
			buildConfigurationList = 44353E531CEEA42B007A502F /* Build configuration list for PBXNativeTarget "TrailerMaker" */;
			buildPhases = (
				378F53FDB3D274E535E0B4FF /* 📦 Check Pods Manifest.lock */,
				44353E271CEEA42A007A502F /* Sources */,
				44353E281CEEA42A007A502F /* Frameworks */,
				44353E291CEEA42A007A502F /* Resources */,
				ADAEF7579A537F79DBFE04B0 /* 📦 Embed Pods Frameworks */,
				B44C993E3843E492605E209F /* 📦 Copy Pods Resources */,
			);
			buildRules = (
			);
			dependencies = (
			);
			name = TrailerMaker;
			productName = TrailerMaker;
			productReference = 44353E2B1CEEA42B007A502F /* TrailerMaker.app */;
			productType = "com.apple.product-type.application";
		};
		44353E3E1CEEA42B007A502F /* TrailerMakerTests */ = {
			isa = PBXNativeTarget;
			buildConfigurationList = 44353E561CEEA42B007A502F /* Build configuration list for PBXNativeTarget "TrailerMakerTests" */;
			buildPhases = (
				69196FBAB5550B89ED150AF4 /* 📦 Check Pods Manifest.lock */,
				44353E3B1CEEA42B007A502F /* Sources */,
				44353E3C1CEEA42B007A502F /* Frameworks */,
				44353E3D1CEEA42B007A502F /* Resources */,
				6C1A8F48AC9F48F469911818 /* 📦 Embed Pods Frameworks */,
				482351E2EE96E7395EA8AA12 /* 📦 Copy Pods Resources */,
			);
			buildRules = (
			);
			dependencies = (
				44353E411CEEA42B007A502F /* PBXTargetDependency */,
			);
			name = TrailerMakerTests;
			productName = TrailerMakerTests;
			productReference = 44353E3F1CEEA42B007A502F /* TrailerMakerTests.xctest */;
			productType = "com.apple.product-type.bundle.unit-test";
		};
		44353E491CEEA42B007A502F /* TrailerMakerUITests */ = {
			isa = PBXNativeTarget;
			buildConfigurationList = 44353E591CEEA42B007A502F /* Build configuration list for PBXNativeTarget "TrailerMakerUITests" */;
			buildPhases = (
				7F8762343157C1E842194F1E /* 📦 Check Pods Manifest.lock */,
				44353E461CEEA42B007A502F /* Sources */,
				44353E471CEEA42B007A502F /* Frameworks */,
				44353E481CEEA42B007A502F /* Resources */,
				6BF50F81507944BEEE2A54FB /* 📦 Copy Pods Resources */,
			);
			buildRules = (
			);
			dependencies = (
				44353E4C1CEEA42B007A502F /* PBXTargetDependency */,
			);
			name = TrailerMakerUITests;
			productName = TrailerMakerUITests;
			productReference = 44353E4A1CEEA42B007A502F /* TrailerMakerUITests.xctest */;
			productType = "com.apple.product-type.bundle.ui-testing";
		};
/* End PBXNativeTarget section */

/* Begin PBXProject section */
		44353E231CEEA42A007A502F /* Project object */ = {
			isa = PBXProject;
			attributes = {
				LastSwiftUpdateCheck = 0730;
				LastUpgradeCheck = 0730;
				ORGANIZATIONNAME = CBLUE;
				TargetAttributes = {
					44353E2A1CEEA42A007A502F = {
						CreatedOnToolsVersion = 7.3;
					};
					44353E3E1CEEA42B007A502F = {
						CreatedOnToolsVersion = 7.3;
						TestTargetID = 44353E2A1CEEA42A007A502F;
					};
					44353E491CEEA42B007A502F = {
						CreatedOnToolsVersion = 7.3;
						TestTargetID = 44353E2A1CEEA42A007A502F;
					};
				};
			};
			buildConfigurationList = 44353E261CEEA42A007A502F /* Build configuration list for PBXProject "TrailerMaker" */;
			compatibilityVersion = "Xcode 3.2";
			developmentRegion = English;
			hasScannedForEncodings = 0;
			knownRegions = (
				en,
				Base,
			);
			mainGroup = 44353E221CEEA42A007A502F;
			productRefGroup = 44353E2C1CEEA42B007A502F /* Products */;
			projectDirPath = "";
			projectRoot = "";
			targets = (
				44353E2A1CEEA42A007A502F /* TrailerMaker */,
				44353E3E1CEEA42B007A502F /* TrailerMakerTests */,
				44353E491CEEA42B007A502F /* TrailerMakerUITests */,
			);
		};
/* End PBXProject section */

/* Begin PBXResourcesBuildPhase section */
		44353E291CEEA42A007A502F /* Resources */ = {
			isa = PBXResourcesBuildPhase;
			buildActionMask = 2147483647;
			files = (
				6B2B3DCE1CEEC3AD004636D8 /* TemplateCollectionViewCell.xib in Resources */,
				44353E391CEEA42B007A502F /* LaunchScreen.storyboard in Resources */,
				44353E361CEEA42B007A502F /* Assets.xcassets in Resources */,
				44353E341CEEA42B007A502F /* Main.storyboard in Resources */,
			);
			runOnlyForDeploymentPostprocessing = 0;
		};
		44353E3D1CEEA42B007A502F /* Resources */ = {
			isa = PBXResourcesBuildPhase;
			buildActionMask = 2147483647;
			files = (
			);
			runOnlyForDeploymentPostprocessing = 0;
		};
		44353E481CEEA42B007A502F /* Resources */ = {
			isa = PBXResourcesBuildPhase;
			buildActionMask = 2147483647;
			files = (
			);
			runOnlyForDeploymentPostprocessing = 0;
		};
/* End PBXResourcesBuildPhase section */

/* Begin PBXShellScriptBuildPhase section */
		378F53FDB3D274E535E0B4FF /* 📦 Check Pods Manifest.lock */ = {
			isa = PBXShellScriptBuildPhase;
			buildActionMask = 2147483647;
			files = (
			);
			inputPaths = (
			);
			name = "📦 Check Pods Manifest.lock";
			outputPaths = (
			);
			runOnlyForDeploymentPostprocessing = 0;
			shellPath = /bin/sh;
			shellScript = "diff \"${PODS_ROOT}/../Podfile.lock\" \"${PODS_ROOT}/Manifest.lock\" > /dev/null\nif [[ $? != 0 ]] ; then\n    cat << EOM\nerror: The sandbox is not in sync with the Podfile.lock. Run 'pod install' or update your CocoaPods installation.\nEOM\n    exit 1\nfi\n";
			showEnvVarsInLog = 0;
		};
		482351E2EE96E7395EA8AA12 /* 📦 Copy Pods Resources */ = {
			isa = PBXShellScriptBuildPhase;
			buildActionMask = 2147483647;
			files = (
			);
			inputPaths = (
			);
			name = "📦 Copy Pods Resources";
			outputPaths = (
			);
			runOnlyForDeploymentPostprocessing = 0;
			shellPath = /bin/sh;
			shellScript = "\"${SRCROOT}/Pods/Target Support Files/Pods-TrailerMakerTests/Pods-TrailerMakerTests-resources.sh\"\n";
			showEnvVarsInLog = 0;
		};
		69196FBAB5550B89ED150AF4 /* 📦 Check Pods Manifest.lock */ = {
			isa = PBXShellScriptBuildPhase;
			buildActionMask = 2147483647;
			files = (
			);
			inputPaths = (
			);
			name = "📦 Check Pods Manifest.lock";
			outputPaths = (
			);
			runOnlyForDeploymentPostprocessing = 0;
			shellPath = /bin/sh;
			shellScript = "diff \"${PODS_ROOT}/../Podfile.lock\" \"${PODS_ROOT}/Manifest.lock\" > /dev/null\nif [[ $? != 0 ]] ; then\n    cat << EOM\nerror: The sandbox is not in sync with the Podfile.lock. Run 'pod install' or update your CocoaPods installation.\nEOM\n    exit 1\nfi\n";
			showEnvVarsInLog = 0;
		};
		6BF50F81507944BEEE2A54FB /* 📦 Copy Pods Resources */ = {
			isa = PBXShellScriptBuildPhase;
			buildActionMask = 2147483647;
			files = (
			);
			inputPaths = (
			);
			name = "📦 Copy Pods Resources";
			outputPaths = (
			);
			runOnlyForDeploymentPostprocessing = 0;
			shellPath = /bin/sh;
			shellScript = "\"${SRCROOT}/Pods/Target Support Files/Pods-TrailerMakerUITests/Pods-TrailerMakerUITests-resources.sh\"\n";
			showEnvVarsInLog = 0;
		};
		6C1A8F48AC9F48F469911818 /* 📦 Embed Pods Frameworks */ = {
			isa = PBXShellScriptBuildPhase;
			buildActionMask = 2147483647;
			files = (
			);
			inputPaths = (
			);
			name = "📦 Embed Pods Frameworks";
			outputPaths = (
			);
			runOnlyForDeploymentPostprocessing = 0;
			shellPath = /bin/sh;
			shellScript = "\"${SRCROOT}/Pods/Target Support Files/Pods-TrailerMakerTests/Pods-TrailerMakerTests-frameworks.sh\"\n";
			showEnvVarsInLog = 0;
		};
		7F8762343157C1E842194F1E /* 📦 Check Pods Manifest.lock */ = {
			isa = PBXShellScriptBuildPhase;
			buildActionMask = 2147483647;
			files = (
			);
			inputPaths = (
			);
			name = "📦 Check Pods Manifest.lock";
			outputPaths = (
			);
			runOnlyForDeploymentPostprocessing = 0;
			shellPath = /bin/sh;
			shellScript = "diff \"${PODS_ROOT}/../Podfile.lock\" \"${PODS_ROOT}/Manifest.lock\" > /dev/null\nif [[ $? != 0 ]] ; then\n    cat << EOM\nerror: The sandbox is not in sync with the Podfile.lock. Run 'pod install' or update your CocoaPods installation.\nEOM\n    exit 1\nfi\n";
			showEnvVarsInLog = 0;
		};
		ADAEF7579A537F79DBFE04B0 /* 📦 Embed Pods Frameworks */ = {
			isa = PBXShellScriptBuildPhase;
			buildActionMask = 2147483647;
			files = (
			);
			inputPaths = (
			);
			name = "📦 Embed Pods Frameworks";
			outputPaths = (
			);
			runOnlyForDeploymentPostprocessing = 0;
			shellPath = /bin/sh;
			shellScript = "\"${SRCROOT}/Pods/Target Support Files/Pods-TrailerMaker/Pods-TrailerMaker-frameworks.sh\"\n";
			showEnvVarsInLog = 0;
		};
		B44C993E3843E492605E209F /* 📦 Copy Pods Resources */ = {
			isa = PBXShellScriptBuildPhase;
			buildActionMask = 2147483647;
			files = (
			);
			inputPaths = (
			);
			name = "📦 Copy Pods Resources";
			outputPaths = (
			);
			runOnlyForDeploymentPostprocessing = 0;
			shellPath = /bin/sh;
			shellScript = "\"${SRCROOT}/Pods/Target Support Files/Pods-TrailerMaker/Pods-TrailerMaker-resources.sh\"\n";
			showEnvVarsInLog = 0;
		};
/* End PBXShellScriptBuildPhase section */

/* Begin PBXSourcesBuildPhase section */
		44353E271CEEA42A007A502F /* Sources */ = {
			isa = PBXSourcesBuildPhase;
			buildActionMask = 2147483647;
			files = (
				44353E311CEEA42B007A502F /* TemplateViewController.swift in Sources */,
				6B2B3DCD1CEEC3AD004636D8 /* TemplateCollectionViewCell.swift in Sources */,
				4464068A1CEEC2CF00B3C605 /* EditorViewController.swift in Sources */,
				44353E2F1CEEA42B007A502F /* AppDelegate.swift in Sources */,
			);
			runOnlyForDeploymentPostprocessing = 0;
		};
		44353E3B1CEEA42B007A502F /* Sources */ = {
			isa = PBXSourcesBuildPhase;
			buildActionMask = 2147483647;
			files = (
				44353E441CEEA42B007A502F /* TrailerMakerTests.swift in Sources */,
			);
			runOnlyForDeploymentPostprocessing = 0;
		};
		44353E461CEEA42B007A502F /* Sources */ = {
			isa = PBXSourcesBuildPhase;
			buildActionMask = 2147483647;
			files = (
				44353E4F1CEEA42B007A502F /* TrailerMakerUITests.swift in Sources */,
			);
			runOnlyForDeploymentPostprocessing = 0;
		};
/* End PBXSourcesBuildPhase section */

/* Begin PBXTargetDependency section */
		44353E411CEEA42B007A502F /* PBXTargetDependency */ = {
			isa = PBXTargetDependency;
			target = 44353E2A1CEEA42A007A502F /* TrailerMaker */;
			targetProxy = 44353E401CEEA42B007A502F /* PBXContainerItemProxy */;
		};
		44353E4C1CEEA42B007A502F /* PBXTargetDependency */ = {
			isa = PBXTargetDependency;
			target = 44353E2A1CEEA42A007A502F /* TrailerMaker */;
			targetProxy = 44353E4B1CEEA42B007A502F /* PBXContainerItemProxy */;
		};
/* End PBXTargetDependency section */

/* Begin PBXVariantGroup section */
		44353E321CEEA42B007A502F /* Main.storyboard */ = {
			isa = PBXVariantGroup;
			children = (
				44353E331CEEA42B007A502F /* Base */,
			);
			name = Main.storyboard;
			sourceTree = "<group>";
		};
		44353E371CEEA42B007A502F /* LaunchScreen.storyboard */ = {
			isa = PBXVariantGroup;
			children = (
				44353E381CEEA42B007A502F /* Base */,
			);
			name = LaunchScreen.storyboard;
			sourceTree = "<group>";
		};
/* End PBXVariantGroup section */

/* Begin XCBuildConfiguration section */
		44353E511CEEA42B007A502F /* Debug */ = {
			isa = XCBuildConfiguration;
			buildSettings = {
				ALWAYS_SEARCH_USER_PATHS = NO;
				CLANG_ANALYZER_NONNULL = YES;
				CLANG_CXX_LANGUAGE_STANDARD = "gnu++0x";
				CLANG_CXX_LIBRARY = "libc++";
				CLANG_ENABLE_MODULES = YES;
				CLANG_ENABLE_OBJC_ARC = YES;
				CLANG_WARN_BOOL_CONVERSION = YES;
				CLANG_WARN_CONSTANT_CONVERSION = YES;
				CLANG_WARN_DIRECT_OBJC_ISA_USAGE = YES_ERROR;
				CLANG_WARN_EMPTY_BODY = YES;
				CLANG_WARN_ENUM_CONVERSION = YES;
				CLANG_WARN_INT_CONVERSION = YES;
				CLANG_WARN_OBJC_ROOT_CLASS = YES_ERROR;
				CLANG_WARN_UNREACHABLE_CODE = YES;
				CLANG_WARN__DUPLICATE_METHOD_MATCH = YES;
				"CODE_SIGN_IDENTITY[sdk=iphoneos*]" = "iPhone Developer";
				COPY_PHASE_STRIP = NO;
				DEBUG_INFORMATION_FORMAT = dwarf;
				ENABLE_STRICT_OBJC_MSGSEND = YES;
				ENABLE_TESTABILITY = YES;
				GCC_C_LANGUAGE_STANDARD = gnu99;
				GCC_DYNAMIC_NO_PIC = NO;
				GCC_NO_COMMON_BLOCKS = YES;
				GCC_OPTIMIZATION_LEVEL = 0;
				GCC_PREPROCESSOR_DEFINITIONS = (
					"DEBUG=1",
					"$(inherited)",
				);
				GCC_WARN_64_TO_32_BIT_CONVERSION = YES;
				GCC_WARN_ABOUT_RETURN_TYPE = YES_ERROR;
				GCC_WARN_UNDECLARED_SELECTOR = YES;
				GCC_WARN_UNINITIALIZED_AUTOS = YES_AGGRESSIVE;
				GCC_WARN_UNUSED_FUNCTION = YES;
				GCC_WARN_UNUSED_VARIABLE = YES;
				IPHONEOS_DEPLOYMENT_TARGET = 9.3;
				MTL_ENABLE_DEBUG_INFO = YES;
				ONLY_ACTIVE_ARCH = YES;
				SDKROOT = iphoneos;
				SWIFT_OPTIMIZATION_LEVEL = "-Onone";
				TARGETED_DEVICE_FAMILY = "1,2";
			};
			name = Debug;
		};
		44353E521CEEA42B007A502F /* Release */ = {
			isa = XCBuildConfiguration;
			buildSettings = {
				ALWAYS_SEARCH_USER_PATHS = NO;
				CLANG_ANALYZER_NONNULL = YES;
				CLANG_CXX_LANGUAGE_STANDARD = "gnu++0x";
				CLANG_CXX_LIBRARY = "libc++";
				CLANG_ENABLE_MODULES = YES;
				CLANG_ENABLE_OBJC_ARC = YES;
				CLANG_WARN_BOOL_CONVERSION = YES;
				CLANG_WARN_CONSTANT_CONVERSION = YES;
				CLANG_WARN_DIRECT_OBJC_ISA_USAGE = YES_ERROR;
				CLANG_WARN_EMPTY_BODY = YES;
				CLANG_WARN_ENUM_CONVERSION = YES;
				CLANG_WARN_INT_CONVERSION = YES;
				CLANG_WARN_OBJC_ROOT_CLASS = YES_ERROR;
				CLANG_WARN_UNREACHABLE_CODE = YES;
				CLANG_WARN__DUPLICATE_METHOD_MATCH = YES;
				"CODE_SIGN_IDENTITY[sdk=iphoneos*]" = "iPhone Developer";
				COPY_PHASE_STRIP = NO;
				DEBUG_INFORMATION_FORMAT = "dwarf-with-dsym";
				ENABLE_NS_ASSERTIONS = NO;
				ENABLE_STRICT_OBJC_MSGSEND = YES;
				GCC_C_LANGUAGE_STANDARD = gnu99;
				GCC_NO_COMMON_BLOCKS = YES;
				GCC_WARN_64_TO_32_BIT_CONVERSION = YES;
				GCC_WARN_ABOUT_RETURN_TYPE = YES_ERROR;
				GCC_WARN_UNDECLARED_SELECTOR = YES;
				GCC_WARN_UNINITIALIZED_AUTOS = YES_AGGRESSIVE;
				GCC_WARN_UNUSED_FUNCTION = YES;
				GCC_WARN_UNUSED_VARIABLE = YES;
				IPHONEOS_DEPLOYMENT_TARGET = 9.3;
				MTL_ENABLE_DEBUG_INFO = NO;
				SDKROOT = iphoneos;
				TARGETED_DEVICE_FAMILY = "1,2";
				VALIDATE_PRODUCT = YES;
			};
			name = Release;
		};
		44353E541CEEA42B007A502F /* Debug */ = {
			isa = XCBuildConfiguration;
			baseConfigurationReference = 972259BBEA665360A61E4E45 /* Pods-TrailerMaker.debug.xcconfig */;
			buildSettings = {
				ASSETCATALOG_COMPILER_APPICON_NAME = AppIcon;
				INFOPLIST_FILE = TrailerMaker/Info.plist;
				LD_RUNPATH_SEARCH_PATHS = "$(inherited) @executable_path/Frameworks";
				PRODUCT_BUNDLE_IDENTIFIER = com.cardinalblue.TrailerMaker;
				PRODUCT_NAME = "$(TARGET_NAME)";
			};
			name = Debug;
		};
		44353E551CEEA42B007A502F /* Release */ = {
			isa = XCBuildConfiguration;
			baseConfigurationReference = 16E3F2DDF8FA501C447F3F68 /* Pods-TrailerMaker.release.xcconfig */;
			buildSettings = {
				ASSETCATALOG_COMPILER_APPICON_NAME = AppIcon;
				INFOPLIST_FILE = TrailerMaker/Info.plist;
				LD_RUNPATH_SEARCH_PATHS = "$(inherited) @executable_path/Frameworks";
				PRODUCT_BUNDLE_IDENTIFIER = com.cardinalblue.TrailerMaker;
				PRODUCT_NAME = "$(TARGET_NAME)";
			};
			name = Release;
		};
		44353E571CEEA42B007A502F /* Debug */ = {
			isa = XCBuildConfiguration;
			baseConfigurationReference = BE0F90BE9CF920CE9A32145A /* Pods-TrailerMakerTests.debug.xcconfig */;
			buildSettings = {
				BUNDLE_LOADER = "$(TEST_HOST)";
				INFOPLIST_FILE = TrailerMakerTests/Info.plist;
				LD_RUNPATH_SEARCH_PATHS = "$(inherited) @executable_path/Frameworks @loader_path/Frameworks";
				PRODUCT_BUNDLE_IDENTIFIER = com.cardinalblue.TrailerMakerTests;
				PRODUCT_NAME = "$(TARGET_NAME)";
				TEST_HOST = "$(BUILT_PRODUCTS_DIR)/TrailerMaker.app/TrailerMaker";
			};
			name = Debug;
		};
		44353E581CEEA42B007A502F /* Release */ = {
			isa = XCBuildConfiguration;
			baseConfigurationReference = 03D95906280449F7CDFDBCE2 /* Pods-TrailerMakerTests.release.xcconfig */;
			buildSettings = {
				BUNDLE_LOADER = "$(TEST_HOST)";
				INFOPLIST_FILE = TrailerMakerTests/Info.plist;
				LD_RUNPATH_SEARCH_PATHS = "$(inherited) @executable_path/Frameworks @loader_path/Frameworks";
				PRODUCT_BUNDLE_IDENTIFIER = com.cardinalblue.TrailerMakerTests;
				PRODUCT_NAME = "$(TARGET_NAME)";
				TEST_HOST = "$(BUILT_PRODUCTS_DIR)/TrailerMaker.app/TrailerMaker";
			};
			name = Release;
		};
		44353E5A1CEEA42B007A502F /* Debug */ = {
			isa = XCBuildConfiguration;
			baseConfigurationReference = 6D2EEC581CA137B29BB9D0CB /* Pods-TrailerMakerUITests.debug.xcconfig */;
			buildSettings = {
				INFOPLIST_FILE = TrailerMakerUITests/Info.plist;
				LD_RUNPATH_SEARCH_PATHS = "$(inherited) @executable_path/Frameworks @loader_path/Frameworks";
				PRODUCT_BUNDLE_IDENTIFIER = com.cardinalblue.TrailerMakerUITests;
				PRODUCT_NAME = "$(TARGET_NAME)";
				TEST_TARGET_NAME = TrailerMaker;
			};
			name = Debug;
		};
		44353E5B1CEEA42B007A502F /* Release */ = {
			isa = XCBuildConfiguration;
			baseConfigurationReference = 141AB6C698C7ECF8FD27D35D /* Pods-TrailerMakerUITests.release.xcconfig */;
			buildSettings = {
				INFOPLIST_FILE = TrailerMakerUITests/Info.plist;
				LD_RUNPATH_SEARCH_PATHS = "$(inherited) @executable_path/Frameworks @loader_path/Frameworks";
				PRODUCT_BUNDLE_IDENTIFIER = com.cardinalblue.TrailerMakerUITests;
				PRODUCT_NAME = "$(TARGET_NAME)";
				TEST_TARGET_NAME = TrailerMaker;
			};
			name = Release;
		};
/* End XCBuildConfiguration section */

/* Begin XCConfigurationList section */
		44353E261CEEA42A007A502F /* Build configuration list for PBXProject "TrailerMaker" */ = {
			isa = XCConfigurationList;
			buildConfigurations = (
				44353E511CEEA42B007A502F /* Debug */,
				44353E521CEEA42B007A502F /* Release */,
			);
			defaultConfigurationIsVisible = 0;
			defaultConfigurationName = Release;
		};
		44353E531CEEA42B007A502F /* Build configuration list for PBXNativeTarget "TrailerMaker" */ = {
			isa = XCConfigurationList;
			buildConfigurations = (
				44353E541CEEA42B007A502F /* Debug */,
				44353E551CEEA42B007A502F /* Release */,
			);
			defaultConfigurationIsVisible = 0;
			defaultConfigurationName = Release;
		};
		44353E561CEEA42B007A502F /* Build configuration list for PBXNativeTarget "TrailerMakerTests" */ = {
			isa = XCConfigurationList;
			buildConfigurations = (
				44353E571CEEA42B007A502F /* Debug */,
				44353E581CEEA42B007A502F /* Release */,
			);
			defaultConfigurationIsVisible = 0;
			defaultConfigurationName = Release;
		};
		44353E591CEEA42B007A502F /* Build configuration list for PBXNativeTarget "TrailerMakerUITests" */ = {
			isa = XCConfigurationList;
			buildConfigurations = (
				44353E5A1CEEA42B007A502F /* Debug */,
				44353E5B1CEEA42B007A502F /* Release */,
			);
			defaultConfigurationIsVisible = 0;
			defaultConfigurationName = Release;
		};
/* End XCConfigurationList section */
	};
	rootObject = 44353E231CEEA42A007A502F /* Project object */;
}
